
Microsoft Visual Studio Solution File, Format Version 12.00
# Visual Studio Version 17
VisualStudioVersion = 17.7.34031.279
MinimumVisualStudioVersion = 10.0.40219.1
Project("{9A19103F-16F7-4668-BE54-9A1E7A4F7556}") = "NickvisionCavalier.GNOME", "NickvisionCavalier.GNOME\NickvisionCavalier.GNOME.csproj", "{83591021-4119-45D3-B9D8-5A4286F0B1DF}"
EndProject
Project("{9A19103F-16F7-4668-BE54-9A1E7A4F7556}") = "NickvisionCavalier.Shared", "NickvisionCavalier.Shared\NickvisionCavalier.Shared.csproj", "{786C1BD5-5C0B-4137-A964-380CEF7A55FA}"
EndProject
Global
	GlobalSection(SolutionConfigurationPlatforms) = preSolution
		Debug|Any CPU = Debug|Any CPU
		Release|Any CPU = Release|Any CPU
	EndGlobalSection
	GlobalSection(ProjectConfigurationPlatforms) = postSolution
		{83591021-4119-45D3-B9D8-5A4286F0B1DF}.Debug|Any CPU.ActiveCfg = Debug|Any CPU
		{83591021-4119-45D3-B9D8-5A4286F0B1DF}.Debug|Any CPU.Build.0 = Debug|Any CPU
		{83591021-4119-45D3-B9D8-5A4286F0B1DF}.Release|Any CPU.ActiveCfg = Release|Any CPU
		{83591021-4119-45D3-B9D8-5A4286F0B1DF}.Release|Any CPU.Build.0 = Release|Any CPU
		{786C1BD5-5C0B-4137-A964-380CEF7A55FA}.Debug|Any CPU.ActiveCfg = Debug|Any CPU
		{786C1BD5-5C0B-4137-A964-380CEF7A55FA}.Debug|Any CPU.Build.0 = Debug|Any CPU
		{786C1BD5-5C0B-4137-A964-380CEF7A55FA}.Release|Any CPU.ActiveCfg = Release|Any CPU
		{786C1BD5-5C0B-4137-A964-380CEF7A55FA}.Release|Any CPU.Build.0 = Release|Any CPU
	EndGlobalSection
	GlobalSection(SolutionProperties) = preSolution
		HideSolutionNode = FALSE
	EndGlobalSection
	GlobalSection(ExtensibilityGlobals) = postSolution
		SolutionGuid = {1F1F0567-83B9-4EA3-8821-EC0E699D2A0D}
	EndGlobalSection
EndGlobal
